github.com/BrownNPC/wasm-ffi-go v1.1.0 h1:oashfuQflpB+qx/xI71Gvim3YN/0iIny5TMIpzEFz0Y=
github.com/BrownNPC/wasm-ffi-go v1.1.0/go.mod h1:D5+RBMb672fgw6vPz4HOWYxpyrmPrIao8VqlXihOFFg=
github.com/or-n/util-go v0.1.1 h1:KRwCnQNirsZeHaKMZOYhbU71Z0QwPBaFKaTfwzz5ZGw=
github.com/or-n/util-go v0.1.1/go.mod h1:VP68AxxZ1wuPT41T41rxYvgwcobmHQAY2VCmWjUlf+c=
